// !$*UTF8*$!
{
	archiveVersion = 1;
	classes = {
	};
	objectVersion = 50;
	objects = {

/* Begin PBXBuildFile section */
		516B2B2F22E92E0F00A0B2D0 /* AppDelegate.swift in Sources */ = {isa = PBXBuildFile; fileRef = 516B2B2E22E92E0F00A0B2D0 /* AppDelegate.swift */; };
		516B2B3122E92E0F00A0B2D0 /* SceneDelegate.swift in Sources */ = {isa = PBXBuildFile; fileRef = 516B2B3022E92E0F00A0B2D0 /* SceneDelegate.swift */; };
		516B2B3322E92E0F00A0B2D0 /* ContentView.swift in Sources */ = {isa = PBXBuildFile; fileRef = 516B2B3222E92E0F00A0B2D0 /* ContentView.swift */; };
		516B2B3522E92E1000A0B2D0 /* Assets.xcassets in Resources */ = {isa = PBXBuildFile; fileRef = 516B2B3422E92E1000A0B2D0 /* Assets.xcassets */; };
		516B2B3822E92E1000A0B2D0 /* Preview Assets.xcassets in Resources */ = {isa = PBXBuildFile; fileRef = 516B2B3722E92E1000A0B2D0 /* Preview Assets.xcassets */; };
		516B2B3B22E92E1000A0B2D0 /* LaunchScreen.storyboard in Resources */ = {isa = PBXBuildFile; fileRef = 516B2B3922E92E1000A0B2D0 /* LaunchScreen.storyboard */; };
/* End PBXBuildFile section */

/* Begin PBXFileReference section */
		516B2B2B22E92E0F00A0B2D0 /* Rotation with Animation.app */ = {isa = PBXFileReference; explicitFileType = wrapper.application; includeInIndex = 0; path = "Rotation with Animation.app"; sourceTree = BUILT_PRODUCTS_DIR; };
		516B2B2E22E92E0F00A0B2D0 /* AppDelegate.swift */ = {isa = PBXFileReference; lastKnownFileType = sourcecode.swift; path = AppDelegate.swift; sourceTree = "<group>"; };
		516B2B3022E92E0F00A0B2D0 /* SceneDelegate.swift */ = {isa = PBXFileReference; lastKnownFileType = sourcecode.swift; path = SceneDelegate.swift; sourceTree = "<group>"; };
		516B2B3222E92E0F00A0B2D0 /* ContentView.swift */ = {isa = PBXFileReference; lastKnownFileType = sourcecode.swift; path = ContentView.swift; sourceTree = "<group>"; };
		516B2B3422E92E1000A0B2D0 /* Assets.xcassets */ = {isa = PBXFileReference; lastKnownFileType = folder.assetcatalog; path = Assets.xcassets; sourceTree = "<group>"; };
		516B2B3722E92E1000A0B2D0 /* Preview Assets.xcassets */ = {isa = PBXFileReference; lastKnownFileType = folder.assetcatalog; path = "Preview Assets.xcassets"; sourceTree = "<group>"; };
		516B2B3A22E92E1000A0B2D0 /* Base */ = {isa = PBXFileReference; lastKnownFileType = file.storyboard; name = Base; path = Base.lproj/LaunchScreen.storyboard; sourceTree = "<group>"; };
		516B2B3C22E92E1000A0B2D0 /* Info.plist */ = {isa = PBXFileReference; lastKnownFileType = text.plist.xml; path = Info.plist; sourceTree = "<group>"; };
/* End PBXFileReference section */

/* Begin PBXFrameworksBuildPhase section */
		516B2B2822E92E0F00A0B2D0 /* Frameworks */ = {
			isa = PBXFrameworksBuildPhase;
			buildActionMask = 2147483647;
			files = (
			);
			runOnlyForDeploymentPostprocessing = 0;
		};
/* End PBXFrameworksBuildPhase section */

/* Begin PBXGroup section */
		516B2B2222E92E0F00A0B2D0 = {
			isa = PBXGroup;
			children = (
				516B2B2D22E92E0F00A0B2D0 /* Rotation with Animation */,
				516B2B2C22E92E0F00A0B2D0 /* Products */,
			);
			sourceTree = "<group>";
		};
		516B2B2C22E92E0F00A0B2D0 /* Products */ = {
			isa = PBXGroup;
			children = (
				516B2B2B22E92E0F00A0B2D0 /* Rotation with Animation.app */,
			);
			name = Products;
			sourceTree = "<group>";
		};
		516B2B2D22E92E0F00A0B2D0 /* Rotation with Animation */ = {
			isa = PBXGroup;
			children = (
				516B2B2E22E92E0F00A0B2D0 /* AppDelegate.swift */,
				516B2B3022E92E0F00A0B2D0 /* SceneDelegate.swift */,
				516B2B3222E92E0F00A0B2D0 /* ContentView.swift */,
				516B2B3422E92E1000A0B2D0 /* Assets.xcassets */,
				516B2B3922E92E1000A0B2D0 /* LaunchScreen.storyboard */,
				516B2B3C22E92E1000A0B2D0 /* Info.plist */,
				516B2B3622E92E1000A0B2D0 /* Preview Content */,
			);
			path = "Rotation with Animation";
			sourceTree = "<group>";
		};
		516B2B3622E92E1000A0B2D0 /* Preview Content */ = {
			isa = PBXGroup;
			children = (
				516B2B3722E92E1000A0B2D0 /* Preview Assets.xcassets */,
			);
			path = "Preview Content";
			sourceTree = "<group>";
		};
/* End PBXGroup section */

/* Begin PBXNativeTarget section */
		516B2B2A22E92E0F00A0B2D0 /* Rotation with Animation */ = {
			isa = PBXNativeTarget;
			buildConfigurationList = 516B2B3F22E92E1000A0B2D0 /* Build configuration list for PBXNativeTarget "Rotation with Animation" */;
			buildPhases = (
				516B2B2722E92E0F00A0B2D0 /* Sources */,
				516B2B2822E92E0F00A0B2D0 /* Frameworks */,
				516B2B2922E92E0F00A0B2D0 /* Resources */,
			);
			buildRules = (
			);
			dependencies = (
			);
			name = "Rotation with Animation";
			productName = "Rotation with Animation";
			productReference = 516B2B2B22E92E0F00A0B2D0 /* Rotation with Animation.app */;
			productType = "com.apple.product-type.application";
		};
/* End PBXNativeTarget section */

/* Begin PBXProject section */
		516B2B2322E92E0F00A0B2D0 /* Project object */ = {
			isa = PBXProject;
			attributes = {
				LastSwiftUpdateCheck = 1100;
				LastUpgradeCheck = 1100;
				ORGANIZATIONNAME = "Mazharul Huq";
				TargetAttributes = {
					516B2B2A22E92E0F00A0B2D0 = {
						CreatedOnToolsVersion = 11.0;
					};
				};
			};
			buildConfigurationList = 516B2B2622E92E0F00A0B2D0 /* Build configuration list for PBXProject "Rotation with Animation" */;
			compatibilityVersion = "Xcode 9.3";
			developmentRegion = en;
			hasScannedForEncodings = 0;
			knownRegions = (
				en,
				Base,
			);
			mainGroup = 516B2B2222E92E0F00A0B2D0;
			productRefGroup = 516B2B2C22E92E0F00A0B2D0 /* Products */;
			projectDirPath = "";
			projectRoot = "";
			targets = (
				516B2B2A22E92E0F00A0B2D0 /* Rotation with Animation */,
			);
		};
/* End PBXProject section */

/* Begin PBXResourcesBuildPhase section */
		516B2B2922E92E0F00A0B2D0 /* Resources */ = {
			isa = PBXResourcesBuildPhase;
			buildActionMask = 2147483647;
			files = (
				516B2B3B22E92E1000A0B2D0 /* LaunchScreen.storyboard in Resources */,
				516B2B3822E92E1000A0B2D0 /* Preview Assets.xcassets in Resources */,
				516B2B3522E92E1000A0B2D0 /* Assets.xcassets in Resources */,
			);
			runOnlyForDeploymentPostprocessing = 0;
		};
/* End PBXResourcesBuildPhase section */

/* Begin PBXSourcesBuildPhase section */
		516B2B2722E92E0F00A0B2D0 /* Sources */ = {
			isa = PBXSourcesBuildPhase;
			buildActionMask = 2147483647;
			files = (
				516B2B2F22E92E0F00A0B2D0 /* AppDelegate.swift in Sources */,
				516B2B3122E92E0F00A0B2D0 /* SceneDelegate.swift in Sources */,
				516B2B3322E92E0F00A0B2D0 /* ContentView.swift in Sources */,
			);
			runOnlyForDeploymentPostprocessing = 0;
		};
/* End PBXSourcesBuildPhase section */

/* Begin PBXVariantGroup section */
		516B2B3922E92E1000A0B2D0 /* LaunchScreen.storyboard */ = {
			isa = PBXVariantGroup;
			children = (
				516B2B3A22E92E1000A0B2D0 /* Base */,
			);
			name = LaunchScreen.storyboard;
			sourceTree = "<group>";
		};
/* End PBXVariantGroup section */

/* Begin XCBuildConfiguration section */
		516B2B3D22E92E1000A0B2D0 /* Debug */ = {
			isa = XCBuildConfiguration;
			buildSettings = {
				ALWAYS_SEARCH_USER_PATHS = NO;
				CLANG_ANALYZER_NONNULL = YES;
				CLANG_ANALYZER_NUMBER_OBJECT_CONVERSION = YES_AGGRESSIVE;
				CLANG_CXX_LANGUAGE_STANDARD = "gnu++14";
				CLANG_CXX_LIBRARY = "libc++";
				CLANG_ENABLE_MODULES = YES;
				CLANG_ENABLE_OBJC_ARC = YES;
				CLANG_ENABLE_OBJC_WEAK = YES;
				CLANG_WARN_BLOCK_CAPTURE_AUTORELEASING = YES;
				CLANG_WARN_BOOL_CONVERSION = YES;
				CLANG_WARN_COMMA = YES;
				CLANG_WARN_CONSTANT_CONVERSION = YES;
				CLANG_WARN_DEPRECATED_OBJC_IMPLEMENTATIONS = YES;
				CLANG_WARN_DIRECT_OBJC_ISA_USAGE = YES_ERROR;
				CLANG_WARN_DOCUMENTATION_COMMENTS = YES;
				CLANG_WARN_EMPTY_BODY = YES;
				CLANG_WARN_ENUM_CONVERSION = YES;
				CLANG_WARN_INFINITE_RECURSION = YES;
				CLANG_WARN_INT_CONVERSION = YES;
				CLANG_WARN_NON_LITERAL_NULL_CONVERSION = YES;
				CLANG_WARN_OBJC_IMPLICIT_RETAIN_SELF = YES;
				CLANG_WARN_OBJC_LITERAL_CONVERSION = YES;
				CLANG_WARN_OBJC_ROOT_CLASS = YES_ERROR;
				CLANG_WARN_RANGE_LOOP_ANALYSIS = YES;
				CLANG_WARN_STRICT_PROTOTYPES = YES;
				CLANG_WARN_SUSPICIOUS_MOVE = YES;
				CLANG_WARN_UNGUARDED_AVAILABILITY = YES_AGGRESSIVE;
				CLANG_WARN_UNREACHABLE_CODE = YES;
				CLANG_WARN__DUPLICATE_METHOD_MATCH = YES;
				COPY_PHASE_STRIP = NO;
				DEBUG_INFORMATION_FORMAT = dwarf;
				ENABLE_STRICT_OBJC_MSGSEND = YES;
				ENABLE_TESTABILITY = YES;
				GCC_C_LANGUAGE_STANDARD = gnu11;
				GCC_DYNAMIC_NO_PIC = NO;
				GCC_NO_COMMON_BLOCKS = YES;
				GCC_OPTIMIZATION_LEVEL = 0;
				GCC_PREPROCESSOR_DEFINITIONS = (
					"DEBUG=1",
					"$(inherited)",
				);
				GCC_WARN_64_TO_32_BIT_CONVERSION = YES;
				GCC_WARN_ABOUT_RETURN_TYPE = YES_ERROR;
				GCC_WARN_UNDECLARED_SELECTOR = YES;
				GCC_WARN_UNINITIALIZED_AUTOS = YES_AGGRESSIVE;
				GCC_WARN_UNUSED_FUNCTION = YES;
				GCC_WARN_UNUSED_VARIABLE = YES;
				IPHONEOS_DEPLOYMENT_TARGET = 13.0;
				MTL_ENABLE_DEBUG_INFO = INCLUDE_SOURCE;
				MTL_FAST_MATH = YES;
				ONLY_ACTIVE_ARCH = YES;
				SDKROOT = iphoneos;
				SWIFT_ACTIVE_COMPILATION_CONDITIONS = DEBUG;
				SWIFT_OPTIMIZATION_LEVEL = "-Onone";
			};
			name = Debug;
		};
		516B2B3E22E92E1000A0B2D0 /* Release */ = {
			isa = XCBuildConfiguration;
			buildSettings = {
				ALWAYS_SEARCH_USER_PATHS = NO;
				CLANG_ANALYZER_NONNULL = YES;
				CLANG_ANALYZER_NUMBER_OBJECT_CONVERSION = YES_AGGRESSIVE;
				CLANG_CXX_LANGUAGE_STANDARD = "gnu++14";
				CLANG_CXX_LIBRARY = "libc++";
				CLANG_ENABLE_MODULES = YES;
				CLANG_ENABLE_OBJC_ARC = YES;
				CLANG_ENABLE_OBJC_WEAK = YES;
				CLANG_WARN_BLOCK_CAPTURE_AUTORELEASING = YES;
				CLANG_WARN_BOOL_CONVERSION = YES;
				CLANG_WARN_COMMA = YES;
				CLANG_WARN_CONSTANT_CONVERSION = YES;
				CLANG_WARN_DEPRECATED_OBJC_IMPLEMENTATIONS = YES;
				CLANG_WARN_DIRECT_OBJC_ISA_USAGE = YES_ERROR;
				CLANG_WARN_DOCUMENTATION_COMMENTS = YES;
				CLANG_WARN_EMPTY_BODY = YES;
				CLANG_WARN_ENUM_CONVERSION = YES;
				CLANG_WARN_INFINITE_RECURSION = YES;
				CLANG_WARN_INT_CONVERSION = YES;
				CLANG_WARN_NON_LITERAL_NULL_CONVERSION = YES;
				CLANG_WARN_OBJC_IMPLICIT_RETAIN_SELF = YES;
				CLANG_WARN_OBJC_LITERAL_CONVERSION = YES;
				CLANG_WARN_OBJC_ROOT_CLASS = YES_ERROR;
				CLANG_WARN_RANGE_LOOP_ANALYSIS = YES;
				CLANG_WARN_STRICT_PROTOTYPES = YES;
				CLANG_WARN_SUSPICIOUS_MOVE = YES;
				CLANG_WARN_UNGUARDED_AVAILABILITY = YES_AGGRESSIVE;
				CLANG_WARN_UNREACHABLE_CODE = YES;
				CLANG_WARN__DUPLICATE_METHOD_MATCH = YES;
				COPY_PHASE_STRIP = NO;
				DEBUG_INFORMATION_FORMAT = "dwarf-with-dsym";
				ENABLE_NS_ASSERTIONS = NO;
				ENABLE_STRICT_OBJC_MSGSEND = YES;
				GCC_C_LANGUAGE_STANDARD = gnu11;
				GCC_NO_COMMON_BLOCKS = YES;
				GCC_WARN_64_TO_32_BIT_CONVERSION = YES;
				GCC_WARN_ABOUT_RETURN_TYPE = YES_ERROR;
				GCC_WARN_UNDECLARED_SELECTOR = YES;
				GCC_WARN_UNINITIALIZED_AUTOS = YES_AGGRESSIVE;
				GCC_WARN_UNUSED_FUNCTION = YES;
				GCC_WARN_UNUSED_VARIABLE = YES;
				IPHONEOS_DEPLOYMENT_TARGET = 13.0;
				MTL_ENABLE_DEBUG_INFO = NO;
				MTL_FAST_MATH = YES;
				SDKROOT = iphoneos;
				SWIFT_COMPILATION_MODE = wholemodule;
				SWIFT_OPTIMIZATION_LEVEL = "-O";
				VALIDATE_PRODUCT = YES;
			};
			name = Release;
		};
		516B2B4022E92E1000A0B2D0 /* Debug */ = {
			isa = XCBuildConfiguration;
			buildSettings = {
				ASSETCATALOG_COMPILER_APPICON_NAME = AppIcon;
				CODE_SIGN_STYLE = Automatic;
				DEVELOPMENT_ASSET_PATHS = "\"Rotation with Animation\"/Preview\\ Content";
				DEVELOPMENT_TEAM = R77BD8MPA8;
				ENABLE_PREVIEWS = YES;
				INFOPLIST_FILE = "Rotation with Animation/Info.plist";
				LD_RUNPATH_SEARCH_PATHS = (
					"$(inherited)",
					"@executable_path/Frameworks",
				);
				PRODUCT_BUNDLE_IDENTIFIER = "com.mazharul.huq.Rotation-with-Animation";
				PRODUCT_NAME = "$(TARGET_NAME)";
				SWIFT_VERSION = 5.0;
				TARGETED_DEVICE_FAMILY = "1,2";
			};
			name = Debug;
		};
		516B2B4122E92E1000A0B2D0 /* Release */ = {
			isa = XCBuildConfiguration;
			buildSettings = {
				ASSETCATALOG_COMPILER_APPICON_NAME = AppIcon;
				CODE_SIGN_STYLE = Automatic;
				DEVELOPMENT_ASSET_PATHS = "\"Rotation with Animation\"/Preview\\ Content";
				DEVELOPMENT_TEAM = R77BD8MPA8;
				ENABLE_PREVIEWS = YES;
				INFOPLIST_FILE = "Rotation with Animation/Info.plist";
				LD_RUNPATH_SEARCH_PATHS = (
					"$(inherited)",
					"@executable_path/Frameworks",
				);
				PRODUCT_BUNDLE_IDENTIFIER = "com.mazharul.huq.Rotation-with-Animation";
				PRODUCT_NAME = "$(TARGET_NAME)";
				SWIFT_VERSION = 5.0;
				TARGETED_DEVICE_FAMILY = "1,2";
			};
			name = Release;
		};
/* End XCBuildConfiguration section */

/* Begin XCConfigurationList section */
		516B2B2622E92E0F00A0B2D0 /* Build configuration list for PBXProject "Rotation with Animation" */ = {
			isa = XCConfigurationList;
			buildConfigurations = (
				516B2B3D22E92E1000A0B2D0 /* Debug */,
				516B2B3E22E92E1000A0B2D0 /* Release */,
			);
			defaultConfigurationIsVisible = 0;
			defaultConfigurationName = Release;
		};
		516B2B3F22E92E1000A0B2D0 /* Build configuration list for PBXNativeTarget "Rotation with Animation" */ = {
			isa = XCConfigurationList;
			buildConfigurations = (
				516B2B4022E92E1000A0B2D0 /* Debug */,
				516B2B4122E92E1000A0B2D0 /* Release */,
			);
			defaultConfigurationIsVisible = 0;
			defaultConfigurationName = Release;
		};
/* End XCConfigurationList section */
	};
	rootObject = 516B2B2322E92E0F00A0B2D0 /* Project object */;
}
